
Microsoft Visual Studio Solution File, Format Version 12.00
# Visual Studio Version 17
VisualStudioVersion = 17.14.36408.4 d17.14
MinimumVisualStudioVersion = 10.0.40219.1
Project("{FAE04EC0-301F-11D3-BF4B-00C04F79EFBC}") = "SmartQuote.API", "SmartQuote.API\SmartQuote.API.csproj", "{579DA986-0828-4905-9FC9-BE37E4CD4196}"
EndProject
Global
	GlobalSection(SolutionConfigurationPlatforms) = preSolution
		Debug|Any CPU = Debug|Any CPU
		Release|Any CPU = Release|Any CPU
	EndGlobalSection
	GlobalSection(ProjectConfigurationPlatforms) = postSolution
		{579DA986-0828-4905-9FC9-BE37E4CD4196}.Debug|Any CPU.ActiveCfg = Debug|Any CPU
		{579DA986-0828-4905-9FC9-BE37E4CD4196}.Debug|Any CPU.Build.0 = Debug|Any CPU
		{579DA986-0828-4905-9FC9-BE37E4CD4196}.Release|Any CPU.ActiveCfg = Release|Any CPU
		{579DA986-0828-4905-9FC9-BE37E4CD4196}.Release|Any CPU.Build.0 = Release|Any CPU
	EndGlobalSection
	GlobalSection(SolutionProperties) = preSolution
		HideSolutionNode = FALSE
	EndGlobalSection
	GlobalSection(ExtensibilityGlobals) = postSolution
		SolutionGuid = {D34CD0D5-FD4A-4F42-860B-FEFCF98E181D}
	EndGlobalSection
EndGlobal
